// !$*UTF8*$!
{
	archiveVersion = 1;
	classes = {
	};
	objectVersion = 46;
	objects = {

/* Begin PBXBuildFile section */
		189BF26D1C1D1A8B00332249 /* AppDelegate.swift in Sources */ = {isa = PBXBuildFile; fileRef = 189BF26C1C1D1A8B00332249 /* AppDelegate.swift */; };
		189BF2741C1D1A8B00332249 /* Assets.xcassets in Resources */ = {isa = PBXBuildFile; fileRef = 189BF2731C1D1A8B00332249 /* Assets.xcassets */; };
		E4DAD1EFF2284C1AFFF701DA /* Pods.framework in Frameworks */ = {isa = PBXBuildFile; fileRef = AE8271AAECA86247E833D819 /* Pods.framework */; };
/* End PBXBuildFile section */

/* Begin PBXFileReference section */
		189BF2691C1D1A8B00332249 /* Weibo.app */ = {isa = PBXFileReference; explicitFileType = wrapper.application; includeInIndex = 0; path = Weibo.app; sourceTree = BUILT_PRODUCTS_DIR; };
		189BF26C1C1D1A8B00332249 /* AppDelegate.swift */ = {isa = PBXFileReference; lastKnownFileType = sourcecode.swift; path = AppDelegate.swift; sourceTree = "<group>"; };
		189BF2731C1D1A8B00332249 /* Assets.xcassets */ = {isa = PBXFileReference; lastKnownFileType = folder.assetcatalog; path = Assets.xcassets; sourceTree = "<group>"; };
		189BF2781C1D1A8B00332249 /* Info.plist */ = {isa = PBXFileReference; lastKnownFileType = text.plist.xml; path = Info.plist; sourceTree = "<group>"; };
		4E3C8947415643AC53F521E3 /* Pods.release.xcconfig */ = {isa = PBXFileReference; includeInIndex = 1; lastKnownFileType = text.xcconfig; name = Pods.release.xcconfig; path = "Pods/Target Support Files/Pods/Pods.release.xcconfig"; sourceTree = "<group>"; };
		AE8271AAECA86247E833D819 /* Pods.framework */ = {isa = PBXFileReference; explicitFileType = wrapper.framework; includeInIndex = 0; path = Pods.framework; sourceTree = BUILT_PRODUCTS_DIR; };
		C585E14E432319A73E10AF54 /* Pods.debug.xcconfig */ = {isa = PBXFileReference; includeInIndex = 1; lastKnownFileType = text.xcconfig; name = Pods.debug.xcconfig; path = "Pods/Target Support Files/Pods/Pods.debug.xcconfig"; sourceTree = "<group>"; };
/* End PBXFileReference section */

/* Begin PBXFrameworksBuildPhase section */
		189BF2661C1D1A8B00332249 /* Frameworks */ = {
			isa = PBXFrameworksBuildPhase;
			buildActionMask = 2147483647;
			files = (
				E4DAD1EFF2284C1AFFF701DA /* Pods.framework in Frameworks */,
			);
			runOnlyForDeploymentPostprocessing = 0;
		};
/* End PBXFrameworksBuildPhase section */

/* Begin PBXGroup section */
		1893DDCA1C1D390F00175973 /* Classes */ = {
			isa = PBXGroup;
			children = (
				1893DDCB1C1D390F00175973 /* Module */,
				1893DDCC1C1D390F00175973 /* Tools */,
			);
			path = Classes;
			sourceTree = "<group>";
		};
		1893DDCB1C1D390F00175973 /* Module */ = {
			isa = PBXGroup;
			children = (
				1893DDD11C1D390F00175973 /* Profile */,
				1893DDD01C1D390F00175973 /* Message */,
				1893DDCF1C1D390F00175973 /* Main */,
				1893DDCE1C1D390F00175973 /* Home */,
				1893DDCD1C1D390F00175973 /* Discover */,
			);
			path = Module;
			sourceTree = "<group>";
		};
		1893DDCC1C1D390F00175973 /* Tools */ = {
			isa = PBXGroup;
			children = (
			);
			path = Tools;
			sourceTree = "<group>";
		};
		1893DDCD1C1D390F00175973 /* Discover */ = {
			isa = PBXGroup;
			children = (
			);
			name = Discover;
			path = ../Tools/Discover;
			sourceTree = "<group>";
		};
		1893DDCE1C1D390F00175973 /* Home */ = {
			isa = PBXGroup;
			children = (
			);
			name = Home;
			path = ../Tools/Home;
			sourceTree = "<group>";
		};
		1893DDCF1C1D390F00175973 /* Main */ = {
			isa = PBXGroup;
			children = (
			);
			name = Main;
			path = ../Tools/Main;
			sourceTree = "<group>";
		};
		1893DDD01C1D390F00175973 /* Message */ = {
			isa = PBXGroup;
			children = (
			);
			name = Message;
			path = ../Tools/Message;
			sourceTree = "<group>";
		};
		1893DDD11C1D390F00175973 /* Profile */ = {
			isa = PBXGroup;
			children = (
			);
			name = Profile;
			path = ../Tools/Profile;
			sourceTree = "<group>";
		};
		189BF2601C1D1A8B00332249 = {
			isa = PBXGroup;
			children = (
				189BF26B1C1D1A8B00332249 /* Weibo */,
				189BF26A1C1D1A8B00332249 /* Products */,
				3FD199BB452F79C18D44FAAF /* Pods */,
				F155223FC2A22E47E77C24C8 /* Frameworks */,
			);
			sourceTree = "<group>";
		};
		189BF26A1C1D1A8B00332249 /* Products */ = {
			isa = PBXGroup;
			children = (
				189BF2691C1D1A8B00332249 /* Weibo.app */,
			);
			name = Products;
			sourceTree = "<group>";
		};
		189BF26B1C1D1A8B00332249 /* Weibo */ = {
			isa = PBXGroup;
			children = (
				1893DDCA1C1D390F00175973 /* Classes */,
				189BF26C1C1D1A8B00332249 /* AppDelegate.swift */,
				189BF2731C1D1A8B00332249 /* Assets.xcassets */,
				189BF2781C1D1A8B00332249 /* Info.plist */,
			);
			path = Weibo;
			sourceTree = "<group>";
		};
		3FD199BB452F79C18D44FAAF /* Pods */ = {
			isa = PBXGroup;
			children = (
				C585E14E432319A73E10AF54 /* Pods.debug.xcconfig */,
				4E3C8947415643AC53F521E3 /* Pods.release.xcconfig */,
			);
			name = Pods;
			sourceTree = "<group>";
		};
		F155223FC2A22E47E77C24C8 /* Frameworks */ = {
			isa = PBXGroup;
			children = (
				AE8271AAECA86247E833D819 /* Pods.framework */,
			);
			name = Frameworks;
			sourceTree = "<group>";
		};
/* End PBXGroup section */

/* Begin PBXNativeTarget section */
		189BF2681C1D1A8B00332249 /* Weibo */ = {
			isa = PBXNativeTarget;
			buildConfigurationList = 189BF27B1C1D1A8B00332249 /* Build configuration list for PBXNativeTarget "Weibo" */;
			buildPhases = (
				E46A6350DB1D1CA2125FA49B /* Check Pods Manifest.lock */,
				189BF2651C1D1A8B00332249 /* Sources */,
				189BF2661C1D1A8B00332249 /* Frameworks */,
				189BF2671C1D1A8B00332249 /* Resources */,
				4983F66DE4984263417C0486 /* Embed Pods Frameworks */,
				8BAE1F74EE0FE98C89E76A5E /* Copy Pods Resources */,
			);
			buildRules = (
			);
			dependencies = (
			);
			name = Weibo;
			productName = Weibo;
			productReference = 189BF2691C1D1A8B00332249 /* Weibo.app */;
			productType = "com.apple.product-type.application";
		};
/* End PBXNativeTarget section */

/* Begin PBXProject section */
		189BF2611C1D1A8B00332249 /* Project object */ = {
			isa = PBXProject;
			attributes = {
				LastUpgradeCheck = 0700;
				ORGANIZATIONNAME = apple;
				TargetAttributes = {
					189BF2681C1D1A8B00332249 = {
						CreatedOnToolsVersion = 7.0;
						DevelopmentTeam = 4FA5YBRZBG;
					};
				};
			};
			buildConfigurationList = 189BF2641C1D1A8B00332249 /* Build configuration list for PBXProject "Weibo" */;
			compatibilityVersion = "Xcode 3.2";
			developmentRegion = English;
			hasScannedForEncodings = 0;
			knownRegions = (
				en,
				Base,
			);
			mainGroup = 189BF2601C1D1A8B00332249;
			productRefGroup = 189BF26A1C1D1A8B00332249 /* Products */;
			projectDirPath = "";
			projectRoot = "";
			targets = (
				189BF2681C1D1A8B00332249 /* Weibo */,
			);
		};
/* End PBXProject section */

/* Begin PBXResourcesBuildPhase section */
		189BF2671C1D1A8B00332249 /* Resources */ = {
			isa = PBXResourcesBuildPhase;
			buildActionMask = 2147483647;
			files = (
				189BF2741C1D1A8B00332249 /* Assets.xcassets in Resources */,
			);
			runOnlyForDeploymentPostprocessing = 0;
		};
/* End PBXResourcesBuildPhase section */

/* Begin PBXShellScriptBuildPhase section */
		4983F66DE4984263417C0486 /* Embed Pods Frameworks */ = {
			isa = PBXShellScriptBuildPhase;
			buildActionMask = 2147483647;
			files = (
			);
			inputPaths = (
			);
			name = "Embed Pods Frameworks";
			outputPaths = (
			);
			runOnlyForDeploymentPostprocessing = 0;
			shellPath = /bin/sh;
			shellScript = "\"${SRCROOT}/Pods/Target Support Files/Pods/Pods-frameworks.sh\"\n";
			showEnvVarsInLog = 0;
		};
		8BAE1F74EE0FE98C89E76A5E /* Copy Pods Resources */ = {
			isa = PBXShellScriptBuildPhase;
			buildActionMask = 2147483647;
			files = (
			);
			inputPaths = (
			);
			name = "Copy Pods Resources";
			outputPaths = (
			);
			runOnlyForDeploymentPostprocessing = 0;
			shellPath = /bin/sh;
			shellScript = "\"${SRCROOT}/Pods/Target Support Files/Pods/Pods-resources.sh\"\n";
			showEnvVarsInLog = 0;
		};
		E46A6350DB1D1CA2125FA49B /* Check Pods Manifest.lock */ = {
			isa = PBXShellScriptBuildPhase;
			buildActionMask = 2147483647;
			files = (
			);
			inputPaths = (
			);
			name = "Check Pods Manifest.lock";
			outputPaths = (
			);
			runOnlyForDeploymentPostprocessing = 0;
			shellPath = /bin/sh;
			shellScript = "diff \"${PODS_ROOT}/../Podfile.lock\" \"${PODS_ROOT}/Manifest.lock\" > /dev/null\nif [[ $? != 0 ]] ; then\n    cat << EOM\nerror: The sandbox is not in sync with the Podfile.lock. Run 'pod install' or update your CocoaPods installation.\nEOM\n    exit 1\nfi\n";
			showEnvVarsInLog = 0;
		};
/* End PBXShellScriptBuildPhase section */

/* Begin PBXSourcesBuildPhase section */
		189BF2651C1D1A8B00332249 /* Sources */ = {
			isa = PBXSourcesBuildPhase;
			buildActionMask = 2147483647;
			files = (
				189BF26D1C1D1A8B00332249 /* AppDelegate.swift in Sources */,
			);
			runOnlyForDeploymentPostprocessing = 0;
		};
/* End PBXSourcesBuildPhase section */

/* Begin XCBuildConfiguration section */
		189BF2791C1D1A8B00332249 /* Debug */ = {
			isa = XCBuildConfiguration;
			buildSettings = {
				ALWAYS_SEARCH_USER_PATHS = NO;
				CLANG_CXX_LANGUAGE_STANDARD = "gnu++0x";
				CLANG_CXX_LIBRARY = "libc++";
				CLANG_ENABLE_MODULES = YES;
				CLANG_ENABLE_OBJC_ARC = YES;
				CLANG_WARN_BOOL_CONVERSION = YES;
				CLANG_WARN_CONSTANT_CONVERSION = YES;
				CLANG_WARN_DIRECT_OBJC_ISA_USAGE = YES_ERROR;
				CLANG_WARN_EMPTY_BODY = YES;
				CLANG_WARN_ENUM_CONVERSION = YES;
				CLANG_WARN_INT_CONVERSION = YES;
				CLANG_WARN_OBJC_ROOT_CLASS = YES_ERROR;
				CLANG_WARN_UNREACHABLE_CODE = YES;
				CLANG_WARN__DUPLICATE_METHOD_MATCH = YES;
				"CODE_SIGN_IDENTITY[sdk=iphoneos*]" = "iPhone Developer";
				COPY_PHASE_STRIP = NO;
				DEBUG_INFORMATION_FORMAT = dwarf;
				ENABLE_STRICT_OBJC_MSGSEND = YES;
				ENABLE_TESTABILITY = YES;
				GCC_C_LANGUAGE_STANDARD = gnu99;
				GCC_DYNAMIC_NO_PIC = NO;
				GCC_NO_COMMON_BLOCKS = YES;
				GCC_OPTIMIZATION_LEVEL = 0;
				GCC_PREPROCESSOR_DEFINITIONS = (
					"DEBUG=1",
					"$(inherited)",
				);
				GCC_WARN_64_TO_32_BIT_CONVERSION = YES;
				GCC_WARN_ABOUT_RETURN_TYPE = YES_ERROR;
				GCC_WARN_UNDECLARED_SELECTOR = YES;
				GCC_WARN_UNINITIALIZED_AUTOS = YES_AGGRESSIVE;
				GCC_WARN_UNUSED_FUNCTION = YES;
				GCC_WARN_UNUSED_VARIABLE = YES;
				IPHONEOS_DEPLOYMENT_TARGET = 8.0;
				MTL_ENABLE_DEBUG_INFO = YES;
				ONLY_ACTIVE_ARCH = YES;
				SDKROOT = iphoneos;
				SWIFT_OPTIMIZATION_LEVEL = "-Onone";
			};
			name = Debug;
		};
		189BF27A1C1D1A8B00332249 /* Release */ = {
			isa = XCBuildConfiguration;
			buildSettings = {
				ALWAYS_SEARCH_USER_PATHS = NO;
				CLANG_CXX_LANGUAGE_STANDARD = "gnu++0x";
				CLANG_CXX_LIBRARY = "libc++";
				CLANG_ENABLE_MODULES = YES;
				CLANG_ENABLE_OBJC_ARC = YES;
				CLANG_WARN_BOOL_CONVERSION = YES;
				CLANG_WARN_CONSTANT_CONVERSION = YES;
				CLANG_WARN_DIRECT_OBJC_ISA_USAGE = YES_ERROR;
				CLANG_WARN_EMPTY_BODY = YES;
				CLANG_WARN_ENUM_CONVERSION = YES;
				CLANG_WARN_INT_CONVERSION = YES;
				CLANG_WARN_OBJC_ROOT_CLASS = YES_ERROR;
				CLANG_WARN_UNREACHABLE_CODE = YES;
				CLANG_WARN__DUPLICATE_METHOD_MATCH = YES;
				"CODE_SIGN_IDENTITY[sdk=iphoneos*]" = "iPhone Developer";
				COPY_PHASE_STRIP = NO;
				DEBUG_INFORMATION_FORMAT = "dwarf-with-dsym";
				ENABLE_NS_ASSERTIONS = NO;
				ENABLE_STRICT_OBJC_MSGSEND = YES;
				GCC_C_LANGUAGE_STANDARD = gnu99;
				GCC_NO_COMMON_BLOCKS = YES;
				GCC_WARN_64_TO_32_BIT_CONVERSION = YES;
				GCC_WARN_ABOUT_RETURN_TYPE = YES_ERROR;
				GCC_WARN_UNDECLARED_SELECTOR = YES;
				GCC_WARN_UNINITIALIZED_AUTOS = YES_AGGRESSIVE;
				GCC_WARN_UNUSED_FUNCTION = YES;
				GCC_WARN_UNUSED_VARIABLE = YES;
				IPHONEOS_DEPLOYMENT_TARGET = 8.0;
				MTL_ENABLE_DEBUG_INFO = NO;
				SDKROOT = iphoneos;
				VALIDATE_PRODUCT = YES;
			};
			name = Release;
		};
		189BF27C1C1D1A8B00332249 /* Debug */ = {
			isa = XCBuildConfiguration;
			baseConfigurationReference = C585E14E432319A73E10AF54 /* Pods.debug.xcconfig */;
			buildSettings = {
				ASSETCATALOG_COMPILER_APPICON_NAME = AppIcon;
				ASSETCATALOG_COMPILER_LAUNCHIMAGE_NAME = BrandAsset;
				INFOPLIST_FILE = Weibo/Info.plist;
				LD_RUNPATH_SEARCH_PATHS = "$(inherited) @executable_path/Frameworks";
				PRODUCT_BUNDLE_IDENTIFIER = zzc.inc.Weibo;
				PRODUCT_NAME = "$(TARGET_NAME)";
			};
			name = Debug;
		};
		189BF27D1C1D1A8B00332249 /* Release */ = {
			isa = XCBuildConfiguration;
			baseConfigurationReference = 4E3C8947415643AC53F521E3 /* Pods.release.xcconfig */;
			buildSettings = {
				ASSETCATALOG_COMPILER_APPICON_NAME = AppIcon;
				ASSETCATALOG_COMPILER_LAUNCHIMAGE_NAME = BrandAsset;
				INFOPLIST_FILE = Weibo/Info.plist;
				LD_RUNPATH_SEARCH_PATHS = "$(inherited) @executable_path/Frameworks";
				PRODUCT_BUNDLE_IDENTIFIER = zzc.inc.Weibo;
				PRODUCT_NAME = "$(TARGET_NAME)";
			};
			name = Release;
		};
/* End XCBuildConfiguration section */

/* Begin XCConfigurationList section */
		189BF2641C1D1A8B00332249 /* Build configuration list for PBXProject "Weibo" */ = {
			isa = XCConfigurationList;
			buildConfigurations = (
				189BF2791C1D1A8B00332249 /* Debug */,
				189BF27A1C1D1A8B00332249 /* Release */,
			);
			defaultConfigurationIsVisible = 0;
			defaultConfigurationName = Release;
		};
		189BF27B1C1D1A8B00332249 /* Build configuration list for PBXNativeTarget "Weibo" */ = {
			isa = XCConfigurationList;
			buildConfigurations = (
				189BF27C1C1D1A8B00332249 /* Debug */,
				189BF27D1C1D1A8B00332249 /* Release */,
			);
			defaultConfigurationIsVisible = 0;
			defaultConfigurationName = Release;
		};
/* End XCConfigurationList section */
	};
	rootObject = 189BF2611C1D1A8B00332249 /* Project object */;
}
