// !$*UTF8*$!
{
	archiveVersion = 1;
	classes = {
	};
	objectVersion = 46;
	objects = {

/* Begin PBXBuildFile section */
		188686031C257A9700674E8B /* UILabel+Extension.swift in Sources */ = {isa = PBXBuildFile; fileRef = 188686021C257A9700674E8B /* UILabel+Extension.swift */; settings = {ASSET_TAGS = (); }; };
		188686051C257D8D00674E8B /* UIButton+Extension.swift in Sources */ = {isa = PBXBuildFile; fileRef = 188686041C257D8D00674E8B /* UIButton+Extension.swift */; settings = {ASSET_TAGS = (); }; };
		188961401C279B6B00F9B9CF /* StatusPictureView.swift in Sources */ = {isa = PBXBuildFile; fileRef = 1889613F1C279B6B00F9B9CF /* StatusPictureView.swift */; settings = {ASSET_TAGS = (); }; };
		188961421C27A86300F9B9CF /* UIColor + Extension.swift in Sources */ = {isa = PBXBuildFile; fileRef = 188961411C27A86300F9B9CF /* UIColor + Extension.swift */; settings = {ASSET_TAGS = (); }; };
		1893DDD51C1D3D7200175973 /* MainViewController.swift in Sources */ = {isa = PBXBuildFile; fileRef = 1893DDD41C1D3D7200175973 /* MainViewController.swift */; };
		1893DDD71C1D3DAF00175973 /* MessageTableViewController.swift in Sources */ = {isa = PBXBuildFile; fileRef = 1893DDD61C1D3DAF00175973 /* MessageTableViewController.swift */; };
		1893DDD91C1D3DE200175973 /* HomeTableViewController.swift in Sources */ = {isa = PBXBuildFile; fileRef = 1893DDD81C1D3DE200175973 /* HomeTableViewController.swift */; };
		1893DDDB1C1D3E0C00175973 /* DiscoverTableViewController.swift in Sources */ = {isa = PBXBuildFile; fileRef = 1893DDDA1C1D3E0C00175973 /* DiscoverTableViewController.swift */; };
		1893DDDD1C1D3E2900175973 /* ProfileTableViewController.swift in Sources */ = {isa = PBXBuildFile; fileRef = 1893DDDC1C1D3E2900175973 /* ProfileTableViewController.swift */; };
		1893DDDF1C1D479900175973 /* Assets.xcassets in Resources */ = {isa = PBXBuildFile; fileRef = 1893DDDE1C1D479900175973 /* Assets.xcassets */; };
		1893DDE11C1D875600175973 /* MaintabBar.swift in Sources */ = {isa = PBXBuildFile; fileRef = 1893DDE01C1D875600175973 /* MaintabBar.swift */; };
		1893DDE31C1D99FB00175973 /* BaseTableViewController.swift in Sources */ = {isa = PBXBuildFile; fileRef = 1893DDE21C1D99FB00175973 /* BaseTableViewController.swift */; };
		189BF26D1C1D1A8B00332249 /* AppDelegate.swift in Sources */ = {isa = PBXBuildFile; fileRef = 189BF26C1C1D1A8B00332249 /* AppDelegate.swift */; };
		18D540911C29751F008D00F7 /* NetworkTools.swift in Sources */ = {isa = PBXBuildFile; fileRef = 18D540901C29751F008D00F7 /* NetworkTools.swift */; settings = {ASSET_TAGS = (); }; };
		18EC6AAF1C217A6C00719669 /* NewFeatureViewController.swift in Sources */ = {isa = PBXBuildFile; fileRef = 18EC6AAE1C217A6C00719669 /* NewFeatureViewController.swift */; settings = {ASSET_TAGS = (); }; };
		18F551E61C201EAF00283E00 /* UserAccount.swift in Sources */ = {isa = PBXBuildFile; fileRef = 18F551E51C201EAF00283E00 /* UserAccount.swift */; settings = {ASSET_TAGS = (); }; };
		18F551E81C2039A800283E00 /* UserAccountViewModel.swift in Sources */ = {isa = PBXBuildFile; fileRef = 18F551E71C2039A800283E00 /* UserAccountViewModel.swift */; settings = {ASSET_TAGS = (); }; };
		713099951C23213600A18321 /* WelcomeViewController.swift in Sources */ = {isa = PBXBuildFile; fileRef = 713099941C23213600A18321 /* WelcomeViewController.swift */; settings = {ASSET_TAGS = (); }; };
		71467E801C1DCAFE009599F3 /* VisitorLoginView.swift in Sources */ = {isa = PBXBuildFile; fileRef = 71467E7F1C1DCAFE009599F3 /* VisitorLoginView.swift */; };
		71467E821C1DCBED009599F3 /* Common.swift in Sources */ = {isa = PBXBuildFile; fileRef = 71467E811C1DCBED009599F3 /* Common.swift */; };
		715D8D161C26BE74001EA221 /* StatusCell.swift in Sources */ = {isa = PBXBuildFile; fileRef = 715D8D151C26BE74001EA221 /* StatusCell.swift */; settings = {ASSET_TAGS = (); }; };
		715D8D181C26C42B001EA221 /* StatusCellTopView.swift in Sources */ = {isa = PBXBuildFile; fileRef = 715D8D171C26C42B001EA221 /* StatusCellTopView.swift */; settings = {ASSET_TAGS = (); }; };
		716AD33C1C2AFF5500190C95 /* TempViewController.swift in Sources */ = {isa = PBXBuildFile; fileRef = 716AD33B1C2AFF5500190C95 /* TempViewController.swift */; settings = {ASSET_TAGS = (); }; };
		716AD33E1C2AFFD400190C95 /* UIView+ViewController.swift in Sources */ = {isa = PBXBuildFile; fileRef = 716AD33D1C2AFFD400190C95 /* UIView+ViewController.swift */; settings = {ASSET_TAGS = (); }; };
		7184756B1C270FCB00162844 /* User.swift in Sources */ = {isa = PBXBuildFile; fileRef = 7184756A1C270FCB00162844 /* User.swift */; settings = {ASSET_TAGS = (); }; };
		719670931C2596B4003088C2 /* Status.swift in Sources */ = {isa = PBXBuildFile; fileRef = 719670921C2596B4003088C2 /* Status.swift */; settings = {ASSET_TAGS = (); }; };
		71A99ECC1C22D55900918AB2 /* OAuthViewController.swift in Sources */ = {isa = PBXBuildFile; fileRef = 71A99ECB1C22D55900918AB2 /* OAuthViewController.swift */; settings = {ASSET_TAGS = (); }; };
		71B2DE061C2A66B8005310A0 /* StatusListViewModel.swift in Sources */ = {isa = PBXBuildFile; fileRef = 71B2DE051C2A66B8005310A0 /* StatusListViewModel.swift */; settings = {ASSET_TAGS = (); }; };
		71B2DE081C2AB307005310A0 /* WBRefreshControl.swift in Sources */ = {isa = PBXBuildFile; fileRef = 71B2DE071C2AB307005310A0 /* WBRefreshControl.swift */; settings = {ASSET_TAGS = (); }; };
		71B442E11C28656B007A2FCD /* StatusRetweetedView.swift in Sources */ = {isa = PBXBuildFile; fileRef = 71B442E01C28656B007A2FCD /* StatusRetweetedView.swift */; settings = {ASSET_TAGS = (); }; };
		71E731501C27224600AB1DAA /* StatusCellBottomView.swift in Sources */ = {isa = PBXBuildFile; fileRef = 71E7314F1C27224600AB1DAA /* StatusCellBottomView.swift */; settings = {ASSET_TAGS = (); }; };
		E4DAD1EFF2284C1AFFF701DA /* Pods.framework in Frameworks */ = {isa = PBXBuildFile; fileRef = AE8271AAECA86247E833D819 /* Pods.framework */; };
/* End PBXBuildFile section */

/* Begin PBXFileReference section */
		188686021C257A9700674E8B /* UILabel+Extension.swift */ = {isa = PBXFileReference; fileEncoding = 4; lastKnownFileType = sourcecode.swift; path = "UILabel+Extension.swift"; sourceTree = "<group>"; };
		188686041C257D8D00674E8B /* UIButton+Extension.swift */ = {isa = PBXFileReference; fileEncoding = 4; lastKnownFileType = sourcecode.swift; path = "UIButton+Extension.swift"; sourceTree = "<group>"; };
		1889613F1C279B6B00F9B9CF /* StatusPictureView.swift */ = {isa = PBXFileReference; fileEncoding = 4; lastKnownFileType = sourcecode.swift; path = StatusPictureView.swift; sourceTree = "<group>"; };
		188961411C27A86300F9B9CF /* UIColor + Extension.swift */ = {isa = PBXFileReference; fileEncoding = 4; lastKnownFileType = sourcecode.swift; path = "UIColor + Extension.swift"; sourceTree = "<group>"; };
		1893DDD41C1D3D7200175973 /* MainViewController.swift */ = {isa = PBXFileReference; fileEncoding = 4; lastKnownFileType = sourcecode.swift; name = MainViewController.swift; path = Weibo/Classes/Module/Main/MainViewController.swift; sourceTree = SOURCE_ROOT; };
		1893DDD61C1D3DAF00175973 /* MessageTableViewController.swift */ = {isa = PBXFileReference; fileEncoding = 4; lastKnownFileType = sourcecode.swift; name = MessageTableViewController.swift; path = Weibo/Classes/Module/Message/MessageTableViewController.swift; sourceTree = SOURCE_ROOT; };
		1893DDD81C1D3DE200175973 /* HomeTableViewController.swift */ = {isa = PBXFileReference; fileEncoding = 4; lastKnownFileType = sourcecode.swift; name = HomeTableViewController.swift; path = Weibo/Classes/Module/Home/HomeTableViewController.swift; sourceTree = SOURCE_ROOT; };
		1893DDDA1C1D3E0C00175973 /* DiscoverTableViewController.swift */ = {isa = PBXFileReference; fileEncoding = 4; lastKnownFileType = sourcecode.swift; name = DiscoverTableViewController.swift; path = Weibo/Classes/Module/Discover/DiscoverTableViewController.swift; sourceTree = SOURCE_ROOT; };
		1893DDDC1C1D3E2900175973 /* ProfileTableViewController.swift */ = {isa = PBXFileReference; fileEncoding = 4; lastKnownFileType = sourcecode.swift; name = ProfileTableViewController.swift; path = Weibo/Classes/Module/Profile/ProfileTableViewController.swift; sourceTree = SOURCE_ROOT; };
		1893DDDE1C1D479900175973 /* Assets.xcassets */ = {isa = PBXFileReference; lastKnownFileType = folder.assetcatalog; path = Assets.xcassets; sourceTree = "<group>"; };
		1893DDE01C1D875600175973 /* MaintabBar.swift */ = {isa = PBXFileReference; fileEncoding = 4; lastKnownFileType = sourcecode.swift; name = MaintabBar.swift; path = Weibo/Classes/Module/Main/MaintabBar.swift; sourceTree = SOURCE_ROOT; };
		1893DDE21C1D99FB00175973 /* BaseTableViewController.swift */ = {isa = PBXFileReference; fileEncoding = 4; lastKnownFileType = sourcecode.swift; name = BaseTableViewController.swift; path = Weibo/Classes/Module/Main/BaseTableViewController.swift; sourceTree = SOURCE_ROOT; };
		189BF2691C1D1A8B00332249 /* Weibo.app */ = {isa = PBXFileReference; explicitFileType = wrapper.application; includeInIndex = 0; path = Weibo.app; sourceTree = BUILT_PRODUCTS_DIR; };
		189BF26C1C1D1A8B00332249 /* AppDelegate.swift */ = {isa = PBXFileReference; lastKnownFileType = sourcecode.swift; path = AppDelegate.swift; sourceTree = "<group>"; };
		189BF2781C1D1A8B00332249 /* Info.plist */ = {isa = PBXFileReference; lastKnownFileType = text.plist.xml; path = Info.plist; sourceTree = "<group>"; };
		18D540901C29751F008D00F7 /* NetworkTools.swift */ = {isa = PBXFileReference; fileEncoding = 4; lastKnownFileType = sourcecode.swift; path = NetworkTools.swift; sourceTree = "<group>"; };
		18EC6AAE1C217A6C00719669 /* NewFeatureViewController.swift */ = {isa = PBXFileReference; fileEncoding = 4; lastKnownFileType = sourcecode.swift; name = NewFeatureViewController.swift; path = Weibo/Classes/Module/NewFeature/NewFeatureViewController.swift; sourceTree = SOURCE_ROOT; };
		18F551E51C201EAF00283E00 /* UserAccount.swift */ = {isa = PBXFileReference; fileEncoding = 4; lastKnownFileType = sourcecode.swift; path = UserAccount.swift; sourceTree = "<group>"; };
		18F551E71C2039A800283E00 /* UserAccountViewModel.swift */ = {isa = PBXFileReference; fileEncoding = 4; lastKnownFileType = sourcecode.swift; path = UserAccountViewModel.swift; sourceTree = "<group>"; };
		4E3C8947415643AC53F521E3 /* Pods.release.xcconfig */ = {isa = PBXFileReference; includeInIndex = 1; lastKnownFileType = text.xcconfig; name = Pods.release.xcconfig; path = "Pods/Target Support Files/Pods/Pods.release.xcconfig"; sourceTree = "<group>"; };
		713099941C23213600A18321 /* WelcomeViewController.swift */ = {isa = PBXFileReference; fileEncoding = 4; lastKnownFileType = sourcecode.swift; name = WelcomeViewController.swift; path = Weibo/Classes/Module/NewFeature/WelcomeViewController.swift; sourceTree = SOURCE_ROOT; };
		71467E7F1C1DCAFE009599F3 /* VisitorLoginView.swift */ = {isa = PBXFileReference; fileEncoding = 4; lastKnownFileType = sourcecode.swift; path = VisitorLoginView.swift; sourceTree = "<group>"; };
		71467E811C1DCBED009599F3 /* Common.swift */ = {isa = PBXFileReference; fileEncoding = 4; lastKnownFileType = sourcecode.swift; path = Common.swift; sourceTree = "<group>"; };
		715D8D151C26BE74001EA221 /* StatusCell.swift */ = {isa = PBXFileReference; fileEncoding = 4; lastKnownFileType = sourcecode.swift; path = StatusCell.swift; sourceTree = "<group>"; };
		715D8D171C26C42B001EA221 /* StatusCellTopView.swift */ = {isa = PBXFileReference; fileEncoding = 4; lastKnownFileType = sourcecode.swift; path = StatusCellTopView.swift; sourceTree = "<group>"; };
		716AD33B1C2AFF5500190C95 /* TempViewController.swift */ = {isa = PBXFileReference; fileEncoding = 4; lastKnownFileType = sourcecode.swift; path = TempViewController.swift; sourceTree = "<group>"; };
		716AD33D1C2AFFD400190C95 /* UIView+ViewController.swift */ = {isa = PBXFileReference; fileEncoding = 4; lastKnownFileType = sourcecode.swift; path = "UIView+ViewController.swift"; sourceTree = "<group>"; };
		7184756A1C270FCB00162844 /* User.swift */ = {isa = PBXFileReference; fileEncoding = 4; lastKnownFileType = sourcecode.swift; path = User.swift; sourceTree = "<group>"; };
		719670921C2596B4003088C2 /* Status.swift */ = {isa = PBXFileReference; fileEncoding = 4; lastKnownFileType = sourcecode.swift; path = Status.swift; sourceTree = "<group>"; };
		71A99ECB1C22D55900918AB2 /* OAuthViewController.swift */ = {isa = PBXFileReference; fileEncoding = 4; lastKnownFileType = sourcecode.swift; path = OAuthViewController.swift; sourceTree = "<group>"; };
		71B2DE051C2A66B8005310A0 /* StatusListViewModel.swift */ = {isa = PBXFileReference; fileEncoding = 4; lastKnownFileType = sourcecode.swift; path = StatusListViewModel.swift; sourceTree = "<group>"; };
		71B2DE071C2AB307005310A0 /* WBRefreshControl.swift */ = {isa = PBXFileReference; fileEncoding = 4; lastKnownFileType = sourcecode.swift; path = WBRefreshControl.swift; sourceTree = "<group>"; };
		71B442E01C28656B007A2FCD /* StatusRetweetedView.swift */ = {isa = PBXFileReference; fileEncoding = 4; lastKnownFileType = sourcecode.swift; path = StatusRetweetedView.swift; sourceTree = "<group>"; };
		71E7314F1C27224600AB1DAA /* StatusCellBottomView.swift */ = {isa = PBXFileReference; fileEncoding = 4; lastKnownFileType = sourcecode.swift; path = StatusCellBottomView.swift; sourceTree = "<group>"; };
		AE8271AAECA86247E833D819 /* Pods.framework */ = {isa = PBXFileReference; explicitFileType = wrapper.framework; includeInIndex = 0; path = Pods.framework; sourceTree = BUILT_PRODUCTS_DIR; };
		C585E14E432319A73E10AF54 /* Pods.debug.xcconfig */ = {isa = PBXFileReference; includeInIndex = 1; lastKnownFileType = text.xcconfig; name = Pods.debug.xcconfig; path = "Pods/Target Support Files/Pods/Pods.debug.xcconfig"; sourceTree = "<group>"; };
/* End PBXFileReference section */

/* Begin PBXFrameworksBuildPhase section */
		189BF2661C1D1A8B00332249 /* Frameworks */ = {
			isa = PBXFrameworksBuildPhase;
			buildActionMask = 2147483647;
			files = (
				E4DAD1EFF2284C1AFFF701DA /* Pods.framework in Frameworks */,
			);
			runOnlyForDeploymentPostprocessing = 0;
		};
/* End PBXFrameworksBuildPhase section */

/* Begin PBXGroup section */
		188686011C257A5700674E8B /* Extension */ = {
			isa = PBXGroup;
			children = (
				188686021C257A9700674E8B /* UILabel+Extension.swift */,
				188686041C257D8D00674E8B /* UIButton+Extension.swift */,
				188961411C27A86300F9B9CF /* UIColor + Extension.swift */,
				716AD33D1C2AFFD400190C95 /* UIView+ViewController.swift */,
			);
			path = Extension;
			sourceTree = "<group>";
		};
		1893DDCA1C1D390F00175973 /* Classes */ = {
			isa = PBXGroup;
			children = (
				1893DDCB1C1D390F00175973 /* Module */,
				18F551E31C201E6C00283E00 /* Model */,
				18F551E41C201E7400283E00 /* ViewModel */,
				1893DDCC1C1D390F00175973 /* Tools */,
			);
			path = Classes;
			sourceTree = "<group>";
		};
		1893DDCB1C1D390F00175973 /* Module */ = {
			isa = PBXGroup;
			children = (
				71A99ECA1C22D55900918AB2 /* OAuth */,
				18EC6A541C2179BC00719669 /* NewFeature */,
				1893DDCF1C1D390F00175973 /* Main */,
				1893DDCE1C1D390F00175973 /* Home */,
				1893DDD01C1D390F00175973 /* Message */,
				1893DDCD1C1D390F00175973 /* Discover */,
				1893DDD11C1D390F00175973 /* Profile */,
			);
			name = Module;
			path = Module/NewFeature;
			sourceTree = "<group>";
		};
		1893DDCC1C1D390F00175973 /* Tools */ = {
			isa = PBXGroup;
			children = (
				188686011C257A5700674E8B /* Extension */,
				71467E811C1DCBED009599F3 /* Common.swift */,
				18D540901C29751F008D00F7 /* NetworkTools.swift */,
			);
			path = Tools;
			sourceTree = "<group>";
		};
		1893DDCD1C1D390F00175973 /* Discover */ = {
			isa = PBXGroup;
			children = (
				1893DDDA1C1D3E0C00175973 /* DiscoverTableViewController.swift */,
			);
			name = Discover;
			path = ../Tools/Discover;
			sourceTree = "<group>";
		};
		1893DDCE1C1D390F00175973 /* Home */ = {
			isa = PBXGroup;
			children = (
				715D8D141C26BB6F001EA221 /* StatusCell */,
				1893DDD81C1D3DE200175973 /* HomeTableViewController.swift */,
			);
			name = Home;
			path = ../Tools/Home;
			sourceTree = "<group>";
		};
		1893DDCF1C1D390F00175973 /* Main */ = {
			isa = PBXGroup;
			children = (
				71467E7E1C1DCABC009599F3 /* VisitorLoginView */,
				1893DDD41C1D3D7200175973 /* MainViewController.swift */,
				1893DDE01C1D875600175973 /* MaintabBar.swift */,
				1893DDE21C1D99FB00175973 /* BaseTableViewController.swift */,
			);
			name = Main;
			path = ../Tools/Main;
			sourceTree = "<group>";
		};
		1893DDD01C1D390F00175973 /* Message */ = {
			isa = PBXGroup;
			children = (
				1893DDD61C1D3DAF00175973 /* MessageTableViewController.swift */,
			);
			name = Message;
			path = ../Tools/Message;
			sourceTree = "<group>";
		};
		1893DDD11C1D390F00175973 /* Profile */ = {
			isa = PBXGroup;
			children = (
				1893DDDC1C1D3E2900175973 /* ProfileTableViewController.swift */,
			);
			name = Profile;
			path = ../Tools/Profile;
			sourceTree = "<group>";
		};
		189BF2601C1D1A8B00332249 = {
			isa = PBXGroup;
			children = (
				189BF26B1C1D1A8B00332249 /* Weibo */,
				189BF26A1C1D1A8B00332249 /* Products */,
				3FD199BB452F79C18D44FAAF /* Pods */,
				F155223FC2A22E47E77C24C8 /* Frameworks */,
			);
			sourceTree = "<group>";
		};
		189BF26A1C1D1A8B00332249 /* Products */ = {
			isa = PBXGroup;
			children = (
				189BF2691C1D1A8B00332249 /* Weibo.app */,
			);
			name = Products;
			sourceTree = "<group>";
		};
		189BF26B1C1D1A8B00332249 /* Weibo */ = {
			isa = PBXGroup;
			children = (
				1893DDCA1C1D390F00175973 /* Classes */,
				189BF26C1C1D1A8B00332249 /* AppDelegate.swift */,
				189BF2781C1D1A8B00332249 /* Info.plist */,
				1893DDDE1C1D479900175973 /* Assets.xcassets */,
			);
			path = Weibo;
			sourceTree = "<group>";
		};
		18EC6A541C2179BC00719669 /* NewFeature */ = {
			isa = PBXGroup;
			children = (
				18EC6AAE1C217A6C00719669 /* NewFeatureViewController.swift */,
				713099941C23213600A18321 /* WelcomeViewController.swift */,
			);
			path = NewFeature;
			sourceTree = "<group>";
		};
		18F551E31C201E6C00283E00 /* Model */ = {
			isa = PBXGroup;
			children = (
				18F551E51C201EAF00283E00 /* UserAccount.swift */,
				719670921C2596B4003088C2 /* Status.swift */,
				7184756A1C270FCB00162844 /* User.swift */,
			);
			path = Model;
			sourceTree = "<group>";
		};
		18F551E41C201E7400283E00 /* ViewModel */ = {
			isa = PBXGroup;
			children = (
				18F551E71C2039A800283E00 /* UserAccountViewModel.swift */,
				71B2DE051C2A66B8005310A0 /* StatusListViewModel.swift */,
			);
			path = ViewModel;
			sourceTree = "<group>";
		};
		3FD199BB452F79C18D44FAAF /* Pods */ = {
			isa = PBXGroup;
			children = (
				C585E14E432319A73E10AF54 /* Pods.debug.xcconfig */,
				4E3C8947415643AC53F521E3 /* Pods.release.xcconfig */,
			);
			name = Pods;
			sourceTree = "<group>";
		};
		71467E7E1C1DCABC009599F3 /* VisitorLoginView */ = {
			isa = PBXGroup;
			children = (
				71467E7F1C1DCAFE009599F3 /* VisitorLoginView.swift */,
			);
			name = VisitorLoginView;
			path = Weibo/Classes/Module/Main/VisitorLoginView;
			sourceTree = SOURCE_ROOT;
		};
		715D8D141C26BB6F001EA221 /* StatusCell */ = {
			isa = PBXGroup;
			children = (
				715D8D151C26BE74001EA221 /* StatusCell.swift */,
				715D8D171C26C42B001EA221 /* StatusCellTopView.swift */,
				71E7314F1C27224600AB1DAA /* StatusCellBottomView.swift */,
				1889613F1C279B6B00F9B9CF /* StatusPictureView.swift */,
				71B442E01C28656B007A2FCD /* StatusRetweetedView.swift */,
				71B2DE071C2AB307005310A0 /* WBRefreshControl.swift */,
				716AD33B1C2AFF5500190C95 /* TempViewController.swift */,
			);
			name = StatusCell;
			path = Weibo/Classes/Module/Home/StatusCell;
			sourceTree = SOURCE_ROOT;
		};
		71A99ECA1C22D55900918AB2 /* OAuth */ = {
			isa = PBXGroup;
			children = (
				71A99ECB1C22D55900918AB2 /* OAuthViewController.swift */,
			);
			path = OAuth;
			sourceTree = "<group>";
		};
		F155223FC2A22E47E77C24C8 /* Frameworks */ = {
			isa = PBXGroup;
			children = (
				AE8271AAECA86247E833D819 /* Pods.framework */,
			);
			name = Frameworks;
			sourceTree = "<group>";
		};
/* End PBXGroup section */

/* Begin PBXNativeTarget section */
		189BF2681C1D1A8B00332249 /* Weibo */ = {
			isa = PBXNativeTarget;
			buildConfigurationList = 189BF27B1C1D1A8B00332249 /* Build configuration list for PBXNativeTarget "Weibo" */;
			buildPhases = (
				E46A6350DB1D1CA2125FA49B /* Check Pods Manifest.lock */,
				189BF2651C1D1A8B00332249 /* Sources */,
				189BF2661C1D1A8B00332249 /* Frameworks */,
				189BF2671C1D1A8B00332249 /* Resources */,
				4983F66DE4984263417C0486 /* Embed Pods Frameworks */,
				8BAE1F74EE0FE98C89E76A5E /* Copy Pods Resources */,
			);
			buildRules = (
			);
			dependencies = (
			);
			name = Weibo;
			productName = Weibo;
			productReference = 189BF2691C1D1A8B00332249 /* Weibo.app */;
			productType = "com.apple.product-type.application";
		};
/* End PBXNativeTarget section */

/* Begin PBXProject section */
		189BF2611C1D1A8B00332249 /* Project object */ = {
			isa = PBXProject;
			attributes = {
				LastUpgradeCheck = 0700;
				ORGANIZATIONNAME = apple;
				TargetAttributes = {
					189BF2681C1D1A8B00332249 = {
						CreatedOnToolsVersion = 7.0;
						DevelopmentTeam = 4FA5YBRZBG;
					};
				};
			};
			buildConfigurationList = 189BF2641C1D1A8B00332249 /* Build configuration list for PBXProject "Weibo" */;
			compatibilityVersion = "Xcode 3.2";
			developmentRegion = English;
			hasScannedForEncodings = 0;
			knownRegions = (
				en,
				Base,
			);
			mainGroup = 189BF2601C1D1A8B00332249;
			productRefGroup = 189BF26A1C1D1A8B00332249 /* Products */;
			projectDirPath = "";
			projectRoot = "";
			targets = (
				189BF2681C1D1A8B00332249 /* Weibo */,
			);
		};
/* End PBXProject section */

/* Begin PBXResourcesBuildPhase section */
		189BF2671C1D1A8B00332249 /* Resources */ = {
			isa = PBXResourcesBuildPhase;
			buildActionMask = 2147483647;
			files = (
				1893DDDF1C1D479900175973 /* Assets.xcassets in Resources */,
			);
			runOnlyForDeploymentPostprocessing = 0;
		};
/* End PBXResourcesBuildPhase section */

/* Begin PBXShellScriptBuildPhase section */
		4983F66DE4984263417C0486 /* Embed Pods Frameworks */ = {
			isa = PBXShellScriptBuildPhase;
			buildActionMask = 2147483647;
			files = (
			);
			inputPaths = (
			);
			name = "Embed Pods Frameworks";
			outputPaths = (
			);
			runOnlyForDeploymentPostprocessing = 0;
			shellPath = /bin/sh;
			shellScript = "\"${SRCROOT}/Pods/Target Support Files/Pods/Pods-frameworks.sh\"\n";
			showEnvVarsInLog = 0;
		};
		8BAE1F74EE0FE98C89E76A5E /* Copy Pods Resources */ = {
			isa = PBXShellScriptBuildPhase;
			buildActionMask = 2147483647;
			files = (
			);
			inputPaths = (
			);
			name = "Copy Pods Resources";
			outputPaths = (
			);
			runOnlyForDeploymentPostprocessing = 0;
			shellPath = /bin/sh;
			shellScript = "\"${SRCROOT}/Pods/Target Support Files/Pods/Pods-resources.sh\"\n";
			showEnvVarsInLog = 0;
		};
		E46A6350DB1D1CA2125FA49B /* Check Pods Manifest.lock */ = {
			isa = PBXShellScriptBuildPhase;
			buildActionMask = 2147483647;
			files = (
			);
			inputPaths = (
			);
			name = "Check Pods Manifest.lock";
			outputPaths = (
			);
			runOnlyForDeploymentPostprocessing = 0;
			shellPath = /bin/sh;
			shellScript = "diff \"${PODS_ROOT}/../Podfile.lock\" \"${PODS_ROOT}/Manifest.lock\" > /dev/null\nif [[ $? != 0 ]] ; then\n    cat << EOM\nerror: The sandbox is not in sync with the Podfile.lock. Run 'pod install' or update your CocoaPods installation.\nEOM\n    exit 1\nfi\n";
			showEnvVarsInLog = 0;
		};
/* End PBXShellScriptBuildPhase section */

/* Begin PBXSourcesBuildPhase section */
		189BF2651C1D1A8B00332249 /* Sources */ = {
			isa = PBXSourcesBuildPhase;
			buildActionMask = 2147483647;
			files = (
				71A99ECC1C22D55900918AB2 /* OAuthViewController.swift in Sources */,
				18F551E81C2039A800283E00 /* UserAccountViewModel.swift in Sources */,
				71B2DE081C2AB307005310A0 /* WBRefreshControl.swift in Sources */,
				716AD33E1C2AFFD400190C95 /* UIView+ViewController.swift in Sources */,
				1893DDDD1C1D3E2900175973 /* ProfileTableViewController.swift in Sources */,
				188686051C257D8D00674E8B /* UIButton+Extension.swift in Sources */,
				1893DDD91C1D3DE200175973 /* HomeTableViewController.swift in Sources */,
				719670931C2596B4003088C2 /* Status.swift in Sources */,
				1893DDE31C1D99FB00175973 /* BaseTableViewController.swift in Sources */,
				71E731501C27224600AB1DAA /* StatusCellBottomView.swift in Sources */,
				189BF26D1C1D1A8B00332249 /* AppDelegate.swift in Sources */,
				188961421C27A86300F9B9CF /* UIColor + Extension.swift in Sources */,
				713099951C23213600A18321 /* WelcomeViewController.swift in Sources */,
				1893DDD71C1D3DAF00175973 /* MessageTableViewController.swift in Sources */,
				188686031C257A9700674E8B /* UILabel+Extension.swift in Sources */,
				18EC6AAF1C217A6C00719669 /* NewFeatureViewController.swift in Sources */,
				71B442E11C28656B007A2FCD /* StatusRetweetedView.swift in Sources */,
				1893DDDB1C1D3E0C00175973 /* DiscoverTableViewController.swift in Sources */,
				1893DDD51C1D3D7200175973 /* MainViewController.swift in Sources */,
				715D8D181C26C42B001EA221 /* StatusCellTopView.swift in Sources */,
				71467E801C1DCAFE009599F3 /* VisitorLoginView.swift in Sources */,
				716AD33C1C2AFF5500190C95 /* TempViewController.swift in Sources */,
				715D8D161C26BE74001EA221 /* StatusCell.swift in Sources */,
				18F551E61C201EAF00283E00 /* UserAccount.swift in Sources */,
				71467E821C1DCBED009599F3 /* Common.swift in Sources */,
				188961401C279B6B00F9B9CF /* StatusPictureView.swift in Sources */,
				71B2DE061C2A66B8005310A0 /* StatusListViewModel.swift in Sources */,
				1893DDE11C1D875600175973 /* MaintabBar.swift in Sources */,
				18D540911C29751F008D00F7 /* NetworkTools.swift in Sources */,
				7184756B1C270FCB00162844 /* User.swift in Sources */,
			);
			runOnlyForDeploymentPostprocessing = 0;
		};
/* End PBXSourcesBuildPhase section */

/* Begin XCBuildConfiguration section */
		189BF2791C1D1A8B00332249 /* Debug */ = {
			isa = XCBuildConfiguration;
			buildSettings = {
				ALWAYS_SEARCH_USER_PATHS = NO;
				CLANG_CXX_LANGUAGE_STANDARD = "gnu++0x";
				CLANG_CXX_LIBRARY = "libc++";
				CLANG_ENABLE_MODULES = YES;
				CLANG_ENABLE_OBJC_ARC = YES;
				CLANG_WARN_BOOL_CONVERSION = YES;
				CLANG_WARN_CONSTANT_CONVERSION = YES;
				CLANG_WARN_DIRECT_OBJC_ISA_USAGE = YES_ERROR;
				CLANG_WARN_EMPTY_BODY = YES;
				CLANG_WARN_ENUM_CONVERSION = YES;
				CLANG_WARN_INT_CONVERSION = YES;
				CLANG_WARN_OBJC_ROOT_CLASS = YES_ERROR;
				CLANG_WARN_UNREACHABLE_CODE = YES;
				CLANG_WARN__DUPLICATE_METHOD_MATCH = YES;
				"CODE_SIGN_IDENTITY[sdk=iphoneos*]" = "iPhone Developer";
				COPY_PHASE_STRIP = NO;
				DEBUG_INFORMATION_FORMAT = dwarf;
				ENABLE_STRICT_OBJC_MSGSEND = YES;
				ENABLE_TESTABILITY = YES;
				GCC_C_LANGUAGE_STANDARD = gnu99;
				GCC_DYNAMIC_NO_PIC = NO;
				GCC_NO_COMMON_BLOCKS = YES;
				GCC_OPTIMIZATION_LEVEL = 0;
				GCC_PREPROCESSOR_DEFINITIONS = (
					"DEBUG=1",
					"$(inherited)",
				);
				GCC_WARN_64_TO_32_BIT_CONVERSION = YES;
				GCC_WARN_ABOUT_RETURN_TYPE = YES_ERROR;
				GCC_WARN_UNDECLARED_SELECTOR = YES;
				GCC_WARN_UNINITIALIZED_AUTOS = YES_AGGRESSIVE;
				GCC_WARN_UNUSED_FUNCTION = YES;
				GCC_WARN_UNUSED_VARIABLE = YES;
				IPHONEOS_DEPLOYMENT_TARGET = 8.0;
				MTL_ENABLE_DEBUG_INFO = YES;
				ONLY_ACTIVE_ARCH = YES;
				SDKROOT = iphoneos;
				SWIFT_OPTIMIZATION_LEVEL = "-Onone";
			};
			name = Debug;
		};
		189BF27A1C1D1A8B00332249 /* Release */ = {
			isa = XCBuildConfiguration;
			buildSettings = {
				ALWAYS_SEARCH_USER_PATHS = NO;
				CLANG_CXX_LANGUAGE_STANDARD = "gnu++0x";
				CLANG_CXX_LIBRARY = "libc++";
				CLANG_ENABLE_MODULES = YES;
				CLANG_ENABLE_OBJC_ARC = YES;
				CLANG_WARN_BOOL_CONVERSION = YES;
				CLANG_WARN_CONSTANT_CONVERSION = YES;
				CLANG_WARN_DIRECT_OBJC_ISA_USAGE = YES_ERROR;
				CLANG_WARN_EMPTY_BODY = YES;
				CLANG_WARN_ENUM_CONVERSION = YES;
				CLANG_WARN_INT_CONVERSION = YES;
				CLANG_WARN_OBJC_ROOT_CLASS = YES_ERROR;
				CLANG_WARN_UNREACHABLE_CODE = YES;
				CLANG_WARN__DUPLICATE_METHOD_MATCH = YES;
				"CODE_SIGN_IDENTITY[sdk=iphoneos*]" = "iPhone Developer";
				COPY_PHASE_STRIP = NO;
				DEBUG_INFORMATION_FORMAT = "dwarf-with-dsym";
				ENABLE_NS_ASSERTIONS = NO;
				ENABLE_STRICT_OBJC_MSGSEND = YES;
				GCC_C_LANGUAGE_STANDARD = gnu99;
				GCC_NO_COMMON_BLOCKS = YES;
				GCC_WARN_64_TO_32_BIT_CONVERSION = YES;
				GCC_WARN_ABOUT_RETURN_TYPE = YES_ERROR;
				GCC_WARN_UNDECLARED_SELECTOR = YES;
				GCC_WARN_UNINITIALIZED_AUTOS = YES_AGGRESSIVE;
				GCC_WARN_UNUSED_FUNCTION = YES;
				GCC_WARN_UNUSED_VARIABLE = YES;
				IPHONEOS_DEPLOYMENT_TARGET = 8.0;
				MTL_ENABLE_DEBUG_INFO = NO;
				SDKROOT = iphoneos;
				VALIDATE_PRODUCT = YES;
			};
			name = Release;
		};
		189BF27C1C1D1A8B00332249 /* Debug */ = {
			isa = XCBuildConfiguration;
			baseConfigurationReference = C585E14E432319A73E10AF54 /* Pods.debug.xcconfig */;
			buildSettings = {
				ASSETCATALOG_COMPILER_APPICON_NAME = AppIcon;
				ASSETCATALOG_COMPILER_LAUNCHIMAGE_NAME = BrandAsset;
				INFOPLIST_FILE = Weibo/Info.plist;
				LD_RUNPATH_SEARCH_PATHS = "$(inherited) @executable_path/Frameworks";
				PRODUCT_BUNDLE_IDENTIFIER = zzc.inc.Weibo;
				PRODUCT_NAME = "$(TARGET_NAME)";
			};
			name = Debug;
		};
		189BF27D1C1D1A8B00332249 /* Release */ = {
			isa = XCBuildConfiguration;
			baseConfigurationReference = 4E3C8947415643AC53F521E3 /* Pods.release.xcconfig */;
			buildSettings = {
				ASSETCATALOG_COMPILER_APPICON_NAME = AppIcon;
				ASSETCATALOG_COMPILER_LAUNCHIMAGE_NAME = BrandAsset;
				INFOPLIST_FILE = Weibo/Info.plist;
				LD_RUNPATH_SEARCH_PATHS = "$(inherited) @executable_path/Frameworks";
				PRODUCT_BUNDLE_IDENTIFIER = zzc.inc.Weibo;
				PRODUCT_NAME = "$(TARGET_NAME)";
			};
			name = Release;
		};
/* End XCBuildConfiguration section */

/* Begin XCConfigurationList section */
		189BF2641C1D1A8B00332249 /* Build configuration list for PBXProject "Weibo" */ = {
			isa = XCConfigurationList;
			buildConfigurations = (
				189BF2791C1D1A8B00332249 /* Debug */,
				189BF27A1C1D1A8B00332249 /* Release */,
			);
			defaultConfigurationIsVisible = 0;
			defaultConfigurationName = Release;
		};
		189BF27B1C1D1A8B00332249 /* Build configuration list for PBXNativeTarget "Weibo" */ = {
			isa = XCConfigurationList;
			buildConfigurations = (
				189BF27C1C1D1A8B00332249 /* Debug */,
				189BF27D1C1D1A8B00332249 /* Release */,
			);
			defaultConfigurationIsVisible = 0;
			defaultConfigurationName = Release;
		};
/* End XCConfigurationList section */
	};
	rootObject = 189BF2611C1D1A8B00332249 /* Project object */;
}
